<?xml version="1.0" encoding="utf-8"?>
<Project ToolsVersion="4.0" xmlns="http://schemas.microsoft.com/developer/msbuild/2003">
  <ItemGroup>
    <ClCompile Include="..\src\starterbot\main.cpp" />
    <ClCompile Include="..\src\starterbot\MapTools.cpp" />
    <ClCompile Include="..\src\starterbot\ReplayParser.cpp" />
    <ClCompile Include="..\src\starterbot\Tools.cpp" />
    <ClCompile Include="..\src\protobot\A-StarPathfinding.cpp" />
    <ClCompile Include="..\src\protobot\Builder.cpp" />
    <ClCompile Include="..\src\protobot\BuildingPlacer.cpp" />
    <ClCompile Include="..\src\protobot\BuildManager.cpp" />
    <ClCompile Include="..\src\protobot\BuildOrder.cpp" />
    <ClCompile Include="..\src\protobot\BWEB\Source\Block.cpp" />
    <ClCompile Include="..\src\protobot\BWEB\Source\BWEB.cpp" />
    <ClCompile Include="..\src\protobot\BWEB\Source\PathFind.cpp" />
    <ClCompile Include="..\src\protobot\BWEB\Source\Station.cpp" />
    <ClCompile Include="..\src\protobot\BWEB\Source\Wall.cpp" />
    <ClCompile Include="..\src\protobot\CombatManager.cpp" />
    <ClCompile Include="..\src\protobot\EconomyManager.cpp" />
    <ClCompile Include="..\src\protobot\InfluenceMap.cpp" />
    <ClCompile Include="..\src\protobot\InformationManager.cpp" />
    <ClCompile Include="..\src\protobot\NexusEconomy.cpp" />
    <ClCompile Include="..\src\protobot\ProtoBotCommander.cpp" />
    <ClCompile Include="..\src\protobot\ScoutingDragoon.cpp" />
    <ClCompile Include="..\src\protobot\ScoutingManager.cpp" />
    <ClCompile Include="..\src\protobot\ScoutingObserver.cpp" />
    <ClCompile Include="..\src\protobot\ScoutingProbe.cpp" />
    <ClCompile Include="..\src\protobot\ScoutingZealot.cpp" />
    <ClCompile Include="..\src\protobot\SpenderManager.cpp" />
    <ClCompile Include="..\src\protobot\Squad.cpp" />
    <ClCompile Include="..\src\protobot\SquadStateTypes.cpp" />
    <ClCompile Include="..\src\protobot\StrategyManager.cpp" />
    <ClCompile Include="..\src\protobot\ThreatGrid.cpp" />
    <ClCompile Include="..\src\protobot\Timer.cpp" />
    <ClCompile Include="..\src\protobot\TimerManager.cpp" />
    <ClCompile Include="..\src\protobot\BWEM\EasyBMP_1.06\EasyBMP.cpp" />
    <ClCompile Include="..\src\protobot\BWEM\src\area.cpp" />
    <ClCompile Include="..\src\protobot\BWEM\src\base.cpp" />
    <ClCompile Include="..\src\protobot\BWEM\src\bwapiExt.cpp" />
    <ClCompile Include="..\src\protobot\BWEM\src\bwem.cpp" />
    <ClCompile Include="..\src\protobot\BWEM\src\cp.cpp" />
    <ClCompile Include="..\src\protobot\BWEM\src\examples.cpp" />
    <ClCompile Include="..\src\protobot\BWEM\src\exampleWall.cpp" />
    <ClCompile Include="..\src\protobot\BWEM\src\graph.cpp" />
    <ClCompile Include="..\src\protobot\BWEM\src\gridMap.cpp" />
    <ClCompile Include="..\src\protobot\BWEM\src\map.cpp" />
    <ClCompile Include="..\src\protobot\BWEM\src\mapImpl.cpp" />
    <ClCompile Include="..\src\protobot\BWEM\src\mapDrawer.cpp" />
    <ClCompile Include="..\src\protobot\BWEM\src\mapPrinter.cpp" />
    <ClCompile Include="..\src\protobot\BWEM\src\neutral.cpp" />
    <ClCompile Include="..\src\protobot\BWEM\src\tiles.cpp" />
    <ClCompile Include="..\src\protobot\BWEM\src\utils.cpp" />
    <ClCompile Include="..\src\protobot\BWEM\src\winutils.cpp" />
    <ClCompile Include="..\src\protobot\BOIDS.cpp" />
    <ClCompile Include="..\src\protobot\DarkTemplar.cpp" />
  </ItemGroup>
  <ItemGroup>
    <ClInclude Include="..\src\starterbot\Grid.hpp" />
    <ClInclude Include="..\src\starterbot\MapTools.h" />
    <ClInclude Include="..\src\starterbot\ReplayParser.h" />
    <ClInclude Include="..\src\starterbot\Tools.h" />
    <ClInclude Include="..\src\protobot\A-StarPathfinding.h" />
    <ClInclude Include="..\src\protobot\Builder.h" />
    <ClInclude Include="..\src\protobot\BuildingPlacer.h" />
    <ClInclude Include="..\src\protobot\BuildManager.h" />
    <ClInclude Include="..\src\protobot\BuildOrder.h" />
    <ClInclude Include="..\src\protobot\BWEB\Source\Block.h" />
    <ClInclude Include="..\src\protobot\BWEB\Source\BWEB.h" />
    <ClInclude Include="..\src\protobot\BWEB\Source\JPS.h" />
    <ClInclude Include="..\src\protobot\BWEB\Source\PathFind.h" />
    <ClInclude Include="..\src\protobot\BWEB\Source\Station.h" />
    <ClInclude Include="..\src\protobot\BWEB\Source\Wall.h" />
    <ClInclude Include="..\src\protobot\CombatManager.h" />
    <ClInclude Include="..\src\protobot\EconomyManager.h" />
    <ClInclude Include="..\src\protobot\InfluenceMap.h" />
    <ClInclude Include="..\src\protobot\InformationManager.h" />
    <ClInclude Include="..\src\protobot\NexusEconomy.h" />
    <ClInclude Include="..\src\protobot\ProtoBotCommander.h" />
    <ClInclude Include="..\src\protobot\ScoutingDragoon.h" />
    <ClInclude Include="..\src\protobot\ScoutingManager.h" />
    <ClInclude Include="..\src\protobot\ScoutingObserver.h" />
    <ClInclude Include="..\src\protobot\ScoutingProbe.h" />
    <ClInclude Include="..\src\protobot\ScoutingZealot.h" />
    <ClInclude Include="..\src\protobot\ScoutPolicy.h" />
    <ClInclude Include="..\src\protobot\SpenderManager.h" />
    <ClInclude Include="..\src\protobot\Squad.h" />
    <ClInclude Include="..\src\protobot\SquadState.h" />
    <ClInclude Include="..\src\protobot\SquadStateTypes.h" />
    <ClInclude Include="..\src\protobot\StrategyManager.h" />
    <ClInclude Include="..\src\protobot\ThreatGrid.h" />
    <ClInclude Include="..\src\protobot\Timer.h" />
    <ClInclude Include="..\src\protobot\TimerManager.h" />
    <ClInclude Include="..\src\protobot\VectorPos.h" />
    <ClInclude Include="..\src\protobot\BWEM\EasyBMP_1.06\EasyBMP.h" />
    <ClInclude Include="..\src\protobot\BWEM\src\area.h" />
    <ClInclude Include="..\src\protobot\BWEM\src\base.h" />
    <ClInclude Include="..\src\protobot\BWEM\src\bwapiExt.h" />
    <ClInclude Include="..\src\protobot\BWEM\src\bwem.h" />
    <ClInclude Include="..\src\protobot\BWEM\src\cp.h" />
    <ClInclude Include="..\src\protobot\BWEM\src\defs.h" />
    <ClInclude Include="..\src\protobot\BWEM\src\examples.h" />
    <ClInclude Include="..\src\protobot\BWEM\src\graph.h" />
    <ClInclude Include="..\src\protobot\BWEM\src\gridMap.h" />
    <ClInclude Include="..\src\protobot\BWEM\src\map.h" />
    <ClInclude Include="..\src\protobot\BWEM\src\mapImpl.h" />
    <ClInclude Include="..\src\protobot\BWEM\src\mapDrawer.h" />
    <ClInclude Include="..\src\protobot\BWEM\src\mapPrinter.h" />
    <ClInclude Include="..\src\protobot\BWEM\src\neutral.h" />
    <ClInclude Include="..\src\protobot\BWEM\src\tiles.h" />
    <ClInclude Include="..\src\protobot\BWEM\src\utils.h" />
    <ClInclude Include="..\src\protobot\BWEM\src\winutils.h" />
    <ClInclude Include="..\src\protobot\BOIDS.h" />
    <ClInclude Include="..\src\protobot\DarkTemplar.h" />
  </ItemGroup>
</Project>