<?xml version="1.0" encoding="utf-8"?>
<Project ToolsVersion="4.0" xmlns="http://schemas.microsoft.com/developer/msbuild/2003">
  <ItemGroup>
    <ClCompile Include="..\src\starterbot\main.cpp" />
    <ClCompile Include="..\src\starterbot\MapTools.cpp" />
    <ClCompile Include="..\src\starterbot\ReplayParser.cpp" />
    <ClCompile Include="..\src\starterbot\StarterBot.cpp" />
    <ClCompile Include="..\src\starterbot\Tools.cpp" />
    <ClCompile Include="CombatManager.cpp" />
    <ClCompile Include="ScoutingManager.cpp" />
    <ClCompile Include="EconomyManager.cpp" />
    <ClCompile Include="BuildManager.cpp" />
    <ClCompile Include="StrategyManager.cpp" />
    <ClCompile Include="InformationManager.cpp" />
    <ClCompile Include="ProtoBotCommander.cpp" />
    <ClCompile Include="..\BWEM\EasyBMP_1.06\EasyBMP.cpp" />
    <ClCompile Include="..\BWEM\src\area.cpp" />
    <ClCompile Include="..\BWEM\src\base.cpp" />
    <ClCompile Include="..\BWEM\src\bwapiExt.cpp" />
    <ClCompile Include="..\BWEM\src\bwem.cpp" />
    <ClCompile Include="..\BWEM\src\cp.cpp" />
    <ClCompile Include="..\BWEM\src\examples.cpp" />
    <ClCompile Include="..\BWEM\src\exampleWall.cpp" />
    <ClCompile Include="..\BWEM\src\graph.cpp" />
    <ClCompile Include="..\BWEM\src\gridMap.cpp" />
    <ClCompile Include="..\BWEM\src\map.cpp" />
    <ClCompile Include="..\BWEM\src\mapImpl.cpp" />
    <ClCompile Include="..\BWEM\src\mapDrawer.cpp" />
    <ClCompile Include="..\BWEM\src\mapPrinter.cpp" />
    <ClCompile Include="..\BWEM\src\neutral.cpp" />
    <ClCompile Include="..\BWEM\src\tiles.cpp" />
    <ClCompile Include="..\BWEM\src\utils.cpp" />
    <ClCompile Include="..\BWEM\src\winutils.cpp" />
    <ClCompile Include="Squad.cpp" />
    <ClCompile Include="SpenderManager.cpp" />
    <ClCompile Include="NexusEconomy.cpp" />
    <ClCompile Include="BWEB\Source\Block.cpp" />
    <ClCompile Include="BWEB\Source\BWEB.cpp" />
    <ClCompile Include="BWEB\Source\PathFind.cpp" />
    <ClCompile Include="BWEB\Source\Station.cpp" />
    <ClCompile Include="BWEB\Source\Wall.cpp" />
    <ClCompile Include="InfluenceMap.cpp" />
    <ClCompile Include="ScoutingZealot.cpp" />
    <ClCompile Include="ScoutingDragoon.cpp" />
    <ClCompile Include="ScoutingObserver.cpp" />
    <ClCompile Include="ScoutingProbe.cpp" />
    <ClCompile Include="A-StarPathfinding.cpp" />
    <ClCompile Include="TimerManager.cpp" />
    <ClCompile Include="Timer.cpp" />
    <ClCompile Include="BuildingPlacer.cpp" />
    <ClCompile Include="Builder.cpp" />
    <ClCompile Include="ThreatGrid.cpp" />
    <ClCompile Include="SquadStateTypes.cpp" />
    <ClCompile Include="BuildOrder.cpp" />
  </ItemGroup>
  <ItemGroup>
    <ClInclude Include="..\src\starterbot\Grid.hpp" />
    <ClInclude Include="..\src\starterbot\MapTools.h" />
    <ClInclude Include="..\src\starterbot\ReplayParser.h" />
    <ClInclude Include="..\src\starterbot\StarterBot.h" />
    <ClInclude Include="..\src\starterbot\Tools.h" />
    <ClInclude Include="CombatManager.h" />
    <ClInclude Include="ScoutingManager.h" />
    <ClInclude Include="EconomyManager.h" />
    <ClInclude Include="BuildManager.h" />
    <ClInclude Include="StrategyManager.h" />
    <ClInclude Include="InformationManager.h" />
    <ClInclude Include="ProtoBotCommander.h" />
    <ClInclude Include="..\BWEM\EasyBMP_1.06\EasyBMP.h" />
    <ClInclude Include="..\BWEM\src\area.h" />
    <ClInclude Include="..\BWEM\src\base.h" />
    <ClInclude Include="..\BWEM\src\bwapiExt.h" />
    <ClInclude Include="..\BWEM\src\bwem.h" />
    <ClInclude Include="..\BWEM\src\cp.h" />
    <ClInclude Include="..\BWEM\src\defs.h" />
    <ClInclude Include="..\BWEM\src\examples.h" />
    <ClInclude Include="..\BWEM\src\graph.h" />
    <ClInclude Include="..\BWEM\src\gridMap.h" />
    <ClInclude Include="..\BWEM\src\map.h" />
    <ClInclude Include="..\BWEM\src\mapImpl.h" />
    <ClInclude Include="..\BWEM\src\mapDrawer.h" />
    <ClInclude Include="..\BWEM\src\mapPrinter.h" />
    <ClInclude Include="..\BWEM\src\neutral.h" />
    <ClInclude Include="..\BWEM\src\tiles.h" />
    <ClInclude Include="..\BWEM\src\utils.h" />
    <ClInclude Include="..\BWEM\src\winutils.h" />
    <ClInclude Include="Squad.h" />
    <ClInclude Include="SpenderManager.h" />
    <ClInclude Include="NexusEconomy.h" />
    <ClInclude Include="BWEB\Source\Block.h" />
    <ClInclude Include="BWEB\Source\BWEB.h" />
    <ClInclude Include="BWEB\Source\JPS.h" />
    <ClInclude Include="BWEB\Source\PathFind.h" />
    <ClInclude Include="BWEB\Source\Station.h" />
    <ClInclude Include="BWEB\Source\Wall.h" />
    <ClInclude Include="InfluenceMap.h" />
    <ClInclude Include="ScoutingZealot.h" />
    <ClInclude Include="ScoutingDragoon.h" />
    <ClInclude Include="ScoutingObserver.h" />
    <ClInclude Include="ScoutingProbe.h" />
    <ClInclude Include="ScoutPolicy.h" />
    <ClInclude Include="TimerManager.h" />
    <ClInclude Include="Timer.h" />
    <ClInclude Include="BuildingPlacer.h" />
    <ClInclude Include="Builder.h" />
    <ClInclude Include="ThreatGrid.h" />
    <ClInclude Include="SquadState.h" />
    <ClInclude Include="SquadStateTypes.h" />
    <ClInclude Include="VectorPos.h" />
    <ClInclude Include="A-StarPathfinding.h" />
    <ClInclude Include="BuildOrder.h" />
  </ItemGroup>
</Project>